// !$*UTF8*$!
{
	archiveVersion = 1;
	classes = {
	};
	objectVersion = 50;
	objects = {

/* Begin PBXBuildFile section */
		BE7BD29A2406195200FDD13E /* AppDelegate.swift in Sources */ = {isa = PBXBuildFile; fileRef = BE7BD2992406195200FDD13E /* AppDelegate.swift */; };
		BE7BD29C2406195200FDD13E /* SceneDelegate.swift in Sources */ = {isa = PBXBuildFile; fileRef = BE7BD29B2406195200FDD13E /* SceneDelegate.swift */; };
		BE7BD29E2406195200FDD13E /* ViewController.swift in Sources */ = {isa = PBXBuildFile; fileRef = BE7BD29D2406195200FDD13E /* ViewController.swift */; };
		BE7BD2A12406195200FDD13E /* Main.storyboard in Resources */ = {isa = PBXBuildFile; fileRef = BE7BD29F2406195200FDD13E /* Main.storyboard */; };
		BE7BD2A32406195400FDD13E /* Assets.xcassets in Resources */ = {isa = PBXBuildFile; fileRef = BE7BD2A22406195400FDD13E /* Assets.xcassets */; };
		BE7BD2A62406195400FDD13E /* LaunchScreen.storyboard in Resources */ = {isa = PBXBuildFile; fileRef = BE7BD2A42406195400FDD13E /* LaunchScreen.storyboard */; };
		BE7BD2AE240619AC00FDD13E /* networkTableViewController.swift in Sources */ = {isa = PBXBuildFile; fileRef = BE7BD2AD240619AC00FDD13E /* networkTableViewController.swift */; };
		BE7BD2B0240619F000FDD13E /* focusViewController.swift in Sources */ = {isa = PBXBuildFile; fileRef = BE7BD2AF240619F000FDD13E /* focusViewController.swift */; };
/* End PBXBuildFile section */

/* Begin PBXFileReference section */
		BE7BD2962406195200FDD13E /* Hw3.app */ = {isa = PBXFileReference; explicitFileType = wrapper.application; includeInIndex = 0; path = Hw3.app; sourceTree = BUILT_PRODUCTS_DIR; };
		BE7BD2992406195200FDD13E /* AppDelegate.swift */ = {isa = PBXFileReference; lastKnownFileType = sourcecode.swift; path = AppDelegate.swift; sourceTree = "<group>"; };
		BE7BD29B2406195200FDD13E /* SceneDelegate.swift */ = {isa = PBXFileReference; lastKnownFileType = sourcecode.swift; path = SceneDelegate.swift; sourceTree = "<group>"; };
		BE7BD29D2406195200FDD13E /* ViewController.swift */ = {isa = PBXFileReference; lastKnownFileType = sourcecode.swift; path = ViewController.swift; sourceTree = "<group>"; };
		BE7BD2A02406195200FDD13E /* Base */ = {isa = PBXFileReference; lastKnownFileType = file.storyboard; name = Base; path = Base.lproj/Main.storyboard; sourceTree = "<group>"; };
		BE7BD2A22406195400FDD13E /* Assets.xcassets */ = {isa = PBXFileReference; lastKnownFileType = folder.assetcatalog; path = Assets.xcassets; sourceTree = "<group>"; };
		BE7BD2A52406195400FDD13E /* Base */ = {isa = PBXFileReference; lastKnownFileType = file.storyboard; name = Base; path = Base.lproj/LaunchScreen.storyboard; sourceTree = "<group>"; };
		BE7BD2A72406195400FDD13E /* Info.plist */ = {isa = PBXFileReference; lastKnownFileType = text.plist.xml; path = Info.plist; sourceTree = "<group>"; };
		BE7BD2AD240619AC00FDD13E /* networkTableViewController.swift */ = {isa = PBXFileReference; lastKnownFileType = sourcecode.swift; path = networkTableViewController.swift; sourceTree = "<group>"; };
		BE7BD2AF240619F000FDD13E /* focusViewController.swift */ = {isa = PBXFileReference; lastKnownFileType = sourcecode.swift; path = focusViewController.swift; sourceTree = "<group>"; };
/* End PBXFileReference section */

/* Begin PBXFrameworksBuildPhase section */
		BE7BD2932406195200FDD13E /* Frameworks */ = {
			isa = PBXFrameworksBuildPhase;
			buildActionMask = 2147483647;
			files = (
			);
			runOnlyForDeploymentPostprocessing = 0;
		};
/* End PBXFrameworksBuildPhase section */

/* Begin PBXGroup section */
		BE7BD28D2406195200FDD13E = {
			isa = PBXGroup;
			children = (
				BE7BD2982406195200FDD13E /* Hw3 */,
				BE7BD2972406195200FDD13E /* Products */,
			);
			sourceTree = "<group>";
		};
		BE7BD2972406195200FDD13E /* Products */ = {
			isa = PBXGroup;
			children = (
				BE7BD2962406195200FDD13E /* Hw3.app */,
			);
			name = Products;
			sourceTree = "<group>";
		};
		BE7BD2982406195200FDD13E /* Hw3 */ = {
			isa = PBXGroup;
			children = (
				BE7BD2992406195200FDD13E /* AppDelegate.swift */,
				BE7BD29B2406195200FDD13E /* SceneDelegate.swift */,
				BE7BD29D2406195200FDD13E /* ViewController.swift */,
				BE7BD29F2406195200FDD13E /* Main.storyboard */,
				BE7BD2AF240619F000FDD13E /* focusViewController.swift */,
				BE7BD2AD240619AC00FDD13E /* networkTableViewController.swift */,
				BE7BD2A22406195400FDD13E /* Assets.xcassets */,
				BE7BD2A42406195400FDD13E /* LaunchScreen.storyboard */,
				BE7BD2A72406195400FDD13E /* Info.plist */,
			);
			path = Hw3;
			sourceTree = "<group>";
		};
/* End PBXGroup section */

/* Begin PBXNativeTarget section */
		BE7BD2952406195200FDD13E /* Hw3 */ = {
			isa = PBXNativeTarget;
			buildConfigurationList = BE7BD2AA2406195400FDD13E /* Build configuration list for PBXNativeTarget "Hw3" */;
			buildPhases = (
				BE7BD2922406195200FDD13E /* Sources */,
				BE7BD2932406195200FDD13E /* Frameworks */,
				BE7BD2942406195200FDD13E /* Resources */,
			);
			buildRules = (
			);
			dependencies = (
			);
			name = Hw3;
			productName = Hw3;
			productReference = BE7BD2962406195200FDD13E /* Hw3.app */;
			productType = "com.apple.product-type.application";
		};
/* End PBXNativeTarget section */

/* Begin PBXProject section */
		BE7BD28E2406195200FDD13E /* Project object */ = {
			isa = PBXProject;
			attributes = {
				LastSwiftUpdateCheck = 1130;
				LastUpgradeCheck = 1130;
				ORGANIZATIONNAME = CS290;
				TargetAttributes = {
					BE7BD2952406195200FDD13E = {
						CreatedOnToolsVersion = 11.3.1;
					};
				};
			};
			buildConfigurationList = BE7BD2912406195200FDD13E /* Build configuration list for PBXProject "Hw3" */;
			compatibilityVersion = "Xcode 9.3";
			developmentRegion = en;
			hasScannedForEncodings = 0;
			knownRegions = (
				en,
				Base,
			);
			mainGroup = BE7BD28D2406195200FDD13E;
			productRefGroup = BE7BD2972406195200FDD13E /* Products */;
			projectDirPath = "";
			projectRoot = "";
			targets = (
				BE7BD2952406195200FDD13E /* Hw3 */,
			);
		};
/* End PBXProject section */

/* Begin PBXResourcesBuildPhase section */
		BE7BD2942406195200FDD13E /* Resources */ = {
			isa = PBXResourcesBuildPhase;
			buildActionMask = 2147483647;
			files = (
				BE7BD2A62406195400FDD13E /* LaunchScreen.storyboard in Resources */,
				BE7BD2A32406195400FDD13E /* Assets.xcassets in Resources */,
				BE7BD2A12406195200FDD13E /* Main.storyboard in Resources */,
			);
			runOnlyForDeploymentPostprocessing = 0;
		};
/* End PBXResourcesBuildPhase section */

/* Begin PBXSourcesBuildPhase section */
		BE7BD2922406195200FDD13E /* Sources */ = {
			isa = PBXSourcesBuildPhase;
			buildActionMask = 2147483647;
			files = (
				BE7BD2AE240619AC00FDD13E /* networkTableViewController.swift in Sources */,
				BE7BD2B0240619F000FDD13E /* focusViewController.swift in Sources */,
				BE7BD29E2406195200FDD13E /* ViewController.swift in Sources */,
				BE7BD29A2406195200FDD13E /* AppDelegate.swift in Sources */,
				BE7BD29C2406195200FDD13E /* SceneDelegate.swift in Sources */,
			);
			runOnlyForDeploymentPostprocessing = 0;
		};
/* End PBXSourcesBuildPhase section */

/* Begin PBXVariantGroup section */
		BE7BD29F2406195200FDD13E /* Main.storyboard */ = {
			isa = PBXVariantGroup;
			children = (
				BE7BD2A02406195200FDD13E /* Base */,
			);
			name = Main.storyboard;
			sourceTree = "<group>";
		};
		BE7BD2A42406195400FDD13E /* LaunchScreen.storyboard */ = {
			isa = PBXVariantGroup;
			children = (
				BE7BD2A52406195400FDD13E /* Base */,
			);
			name = LaunchScreen.storyboard;
			sourceTree = "<group>";
		};
/* End PBXVariantGroup section */

/* Begin XCBuildConfiguration section */
		BE7BD2A82406195400FDD13E /* Debug */ = {
			isa = XCBuildConfiguration;
			buildSettings = {
				ALWAYS_SEARCH_USER_PATHS = NO;
				CLANG_ANALYZER_NONNULL = YES;
				CLANG_ANALYZER_NUMBER_OBJECT_CONVERSION = YES_AGGRESSIVE;
				CLANG_CXX_LANGUAGE_STANDARD = "gnu++14";
				CLANG_CXX_LIBRARY = "libc++";
				CLANG_ENABLE_MODULES = YES;
				CLANG_ENABLE_OBJC_ARC = YES;
				CLANG_ENABLE_OBJC_WEAK = YES;
				CLANG_WARN_BLOCK_CAPTURE_AUTORELEASING = YES;
				CLANG_WARN_BOOL_CONVERSION = YES;
				CLANG_WARN_COMMA = YES;
				CLANG_WARN_CONSTANT_CONVERSION = YES;
				CLANG_WARN_DEPRECATED_OBJC_IMPLEMENTATIONS = YES;
				CLANG_WARN_DIRECT_OBJC_ISA_USAGE = YES_ERROR;
				CLANG_WARN_DOCUMENTATION_COMMENTS = YES;
				CLANG_WARN_EMPTY_BODY = YES;
				CLANG_WARN_ENUM_CONVERSION = YES;
				CLANG_WARN_INFINITE_RECURSION = YES;
				CLANG_WARN_INT_CONVERSION = YES;
				CLANG_WARN_NON_LITERAL_NULL_CONVERSION = YES;
				CLANG_WARN_OBJC_IMPLICIT_RETAIN_SELF = YES;
				CLANG_WARN_OBJC_LITERAL_CONVERSION = YES;
				CLANG_WARN_OBJC_ROOT_CLASS = YES_ERROR;
				CLANG_WARN_RANGE_LOOP_ANALYSIS = YES;
				CLANG_WARN_STRICT_PROTOTYPES = YES;
				CLANG_WARN_SUSPICIOUS_MOVE = YES;
				CLANG_WARN_UNGUARDED_AVAILABILITY = YES_AGGRESSIVE;
				CLANG_WARN_UNREACHABLE_CODE = YES;
				CLANG_WARN__DUPLICATE_METHOD_MATCH = YES;
				COPY_PHASE_STRIP = NO;
				DEBUG_INFORMATION_FORMAT = dwarf;
				ENABLE_STRICT_OBJC_MSGSEND = YES;
				ENABLE_TESTABILITY = YES;
				GCC_C_LANGUAGE_STANDARD = gnu11;
				GCC_DYNAMIC_NO_PIC = NO;
				GCC_NO_COMMON_BLOCKS = YES;
				GCC_OPTIMIZATION_LEVEL = 0;
				GCC_PREPROCESSOR_DEFINITIONS = (
					"DEBUG=1",
					"$(inherited)",
				);
				GCC_WARN_64_TO_32_BIT_CONVERSION = YES;
				GCC_WARN_ABOUT_RETURN_TYPE = YES_ERROR;
				GCC_WARN_UNDECLARED_SELECTOR = YES;
				GCC_WARN_UNINITIALIZED_AUTOS = YES_AGGRESSIVE;
				GCC_WARN_UNUSED_FUNCTION = YES;
				GCC_WARN_UNUSED_VARIABLE = YES;
				IPHONEOS_DEPLOYMENT_TARGET = 13.2;
				MTL_ENABLE_DEBUG_INFO = INCLUDE_SOURCE;
				MTL_FAST_MATH = YES;
				ONLY_ACTIVE_ARCH = YES;
				SDKROOT = iphoneos;
				SWIFT_ACTIVE_COMPILATION_CONDITIONS = DEBUG;
				SWIFT_OPTIMIZATION_LEVEL = "-Onone";
			};
			name = Debug;
		};
		BE7BD2A92406195400FDD13E /* Release */ = {
			isa = XCBuildConfiguration;
			buildSettings = {
				ALWAYS_SEARCH_USER_PATHS = NO;
				CLANG_ANALYZER_NONNULL = YES;
				CLANG_ANALYZER_NUMBER_OBJECT_CONVERSION = YES_AGGRESSIVE;
				CLANG_CXX_LANGUAGE_STANDARD = "gnu++14";
				CLANG_CXX_LIBRARY = "libc++";
				CLANG_ENABLE_MODULES = YES;
				CLANG_ENABLE_OBJC_ARC = YES;
				CLANG_ENABLE_OBJC_WEAK = YES;
				CLANG_WARN_BLOCK_CAPTURE_AUTORELEASING = YES;
				CLANG_WARN_BOOL_CONVERSION = YES;
				CLANG_WARN_COMMA = YES;
				CLANG_WARN_CONSTANT_CONVERSION = YES;
				CLANG_WARN_DEPRECATED_OBJC_IMPLEMENTATIONS = YES;
				CLANG_WARN_DIRECT_OBJC_ISA_USAGE = YES_ERROR;
				CLANG_WARN_DOCUMENTATION_COMMENTS = YES;
				CLANG_WARN_EMPTY_BODY = YES;
				CLANG_WARN_ENUM_CONVERSION = YES;
				CLANG_WARN_INFINITE_RECURSION = YES;
				CLANG_WARN_INT_CONVERSION = YES;
				CLANG_WARN_NON_LITERAL_NULL_CONVERSION = YES;
				CLANG_WARN_OBJC_IMPLICIT_RETAIN_SELF = YES;
				CLANG_WARN_OBJC_LITERAL_CONVERSION = YES;
				CLANG_WARN_OBJC_ROOT_CLASS = YES_ERROR;
				CLANG_WARN_RANGE_LOOP_ANALYSIS = YES;
				CLANG_WARN_STRICT_PROTOTYPES = YES;
				CLANG_WARN_SUSPICIOUS_MOVE = YES;
				CLANG_WARN_UNGUARDED_AVAILABILITY = YES_AGGRESSIVE;
				CLANG_WARN_UNREACHABLE_CODE = YES;
				CLANG_WARN__DUPLICATE_METHOD_MATCH = YES;
				COPY_PHASE_STRIP = NO;
				DEBUG_INFORMATION_FORMAT = "dwarf-with-dsym";
				ENABLE_NS_ASSERTIONS = NO;
				ENABLE_STRICT_OBJC_MSGSEND = YES;
				GCC_C_LANGUAGE_STANDARD = gnu11;
				GCC_NO_COMMON_BLOCKS = YES;
				GCC_WARN_64_TO_32_BIT_CONVERSION = YES;
				GCC_WARN_ABOUT_RETURN_TYPE = YES_ERROR;
				GCC_WARN_UNDECLARED_SELECTOR = YES;
				GCC_WARN_UNINITIALIZED_AUTOS = YES_AGGRESSIVE;
				GCC_WARN_UNUSED_FUNCTION = YES;
				GCC_WARN_UNUSED_VARIABLE = YES;
				IPHONEOS_DEPLOYMENT_TARGET = 13.2;
				MTL_ENABLE_DEBUG_INFO = NO;
				MTL_FAST_MATH = YES;
				SDKROOT = iphoneos;
				SWIFT_COMPILATION_MODE = wholemodule;
				SWIFT_OPTIMIZATION_LEVEL = "-O";
				VALIDATE_PRODUCT = YES;
			};
			name = Release;
		};
		BE7BD2AB2406195400FDD13E /* Debug */ = {
			isa = XCBuildConfiguration;
			buildSettings = {
				ASSETCATALOG_COMPILER_APPICON_NAME = AppIcon;
				CODE_SIGN_STYLE = Automatic;
				DEVELOPMENT_TEAM = N8W3L38P3B;
				INFOPLIST_FILE = Hw3/Info.plist;
				LD_RUNPATH_SEARCH_PATHS = (
					"$(inherited)",
					"@executable_path/Frameworks",
				);
				PRODUCT_BUNDLE_IDENTIFIER = duke.Hw3;
				PRODUCT_NAME = "$(TARGET_NAME)";
				SWIFT_VERSION = 5.0;
				TARGETED_DEVICE_FAMILY = "1,2";
			};
			name = Debug;
		};
		BE7BD2AC2406195400FDD13E /* Release */ = {
			isa = XCBuildConfiguration;
			buildSettings = {
				ASSETCATALOG_COMPILER_APPICON_NAME = AppIcon;
				CODE_SIGN_STYLE = Automatic;
				DEVELOPMENT_TEAM = N8W3L38P3B;
				INFOPLIST_FILE = Hw3/Info.plist;
				LD_RUNPATH_SEARCH_PATHS = (
					"$(inherited)",
					"@executable_path/Frameworks",
				);
				PRODUCT_BUNDLE_IDENTIFIER = duke.Hw3;
				PRODUCT_NAME = "$(TARGET_NAME)";
				SWIFT_VERSION = 5.0;
				TARGETED_DEVICE_FAMILY = "1,2";
			};
			name = Release;
		};
/* End XCBuildConfiguration section */

/* Begin XCConfigurationList section */
		BE7BD2912406195200FDD13E /* Build configuration list for PBXProject "Hw3" */ = {
			isa = XCConfigurationList;
			buildConfigurations = (
				BE7BD2A82406195400FDD13E /* Debug */,
				BE7BD2A92406195400FDD13E /* Release */,
			);
			defaultConfigurationIsVisible = 0;
			defaultConfigurationName = Release;
		};
		BE7BD2AA2406195400FDD13E /* Build configuration list for PBXNativeTarget "Hw3" */ = {
			isa = XCConfigurationList;
			buildConfigurations = (
				BE7BD2AB2406195400FDD13E /* Debug */,
				BE7BD2AC2406195400FDD13E /* Release */,
			);
			defaultConfigurationIsVisible = 0;
			defaultConfigurationName = Release;
		};
/* End XCConfigurationList section */
	};
	rootObject = BE7BD28E2406195200FDD13E /* Project object */;
}
